
Microsoft Visual Studio Solution File, Format Version 12.00
# Visual Studio Version 16
VisualStudioVersion = 16.0.30002.166
MinimumVisualStudioVersion = 10.0.40219.1
Project("{FAE04EC0-301F-11D3-BF4B-00C04F79EFBC}") = "IteratorDesignPattern", "IteratorDesignPattern\IteratorDesignPattern.csproj", "{CEDD9654-347E-4D1D-9EAB-897015D61832}"
EndProject
Global
	GlobalSection(SolutionConfigurationPlatforms) = preSolution
		Debug|Any CPU = Debug|Any CPU
		Release|Any CPU = Release|Any CPU
	EndGlobalSection
	GlobalSection(ProjectConfigurationPlatforms) = postSolution
		{CEDD9654-347E-4D1D-9EAB-897015D61832}.Debug|Any CPU.ActiveCfg = Debug|Any CPU
		{CEDD9654-347E-4D1D-9EAB-897015D61832}.Debug|Any CPU.Build.0 = Debug|Any CPU
		{CEDD9654-347E-4D1D-9EAB-897015D61832}.Release|Any CPU.ActiveCfg = Release|Any CPU
		{CEDD9654-347E-4D1D-9EAB-897015D61832}.Release|Any CPU.Build.0 = Release|Any CPU
	EndGlobalSection
	GlobalSection(SolutionProperties) = preSolution
		HideSolutionNode = FALSE
	EndGlobalSection
	GlobalSection(ExtensibilityGlobals) = postSolution
		SolutionGuid = {92508026-C38D-4CFA-AB91-0F5CFB27360D}
	EndGlobalSection
EndGlobal
